version = 1
revision = 3
requires-python = ">=3.10"

[manifest]
members = [
    "middleware",
    "server-client-basico",
    "sistemas-distribuidos",
]

[[package]]
name = "middleware"
version = "0.1.0"
source = { virtual = "middleware" }
dependencies = [
    { name = "pyro5" },
]

[package.metadata]
requires-dist = [{ name = "pyro5" }]

[[package]]
name = "pyro5"
version = "5.17"
source = { registry = "https://pypi.org/simple" }
dependencies = [
    { name = "serpent" },
]
sdist = { url = "https://files.pythonhosted.org/packages/ba/b9/312055148dbd9d0c829d30e0fbc0cff9bcc6c6311bada80737879c7f5cc6/pyro5-5.17.tar.gz", hash = "sha256:cfac69638d80943aff9cc5f1466755dd0fef8aed0bb4bda41b5eb045818ce6fc", size = 268643, upload-time = "2026-06-19T23:40:52.703Z" }
wheels = [
    { url = "https://files.pythonhosted.org/packages/24/62/878386c290088c6f614bf50e59c362e23c8aaa86de9a1d74d4ee67108736/pyro5-5.17-py3-none-any.whl", hash = "sha256:0e08866d46fe4e315fd1a6403c66e354a6bc75c5cc3d19cd3495bb292ece4eaa", size = 79715, upload-time = "2026-06-19T23:40:51.28Z" },
]

[[package]]
name = "serpent"
version = "1.43"
source = { registry = "https://pypi.org/simple" }
sdist = { url = "https://files.pythonhosted.org/packages/6b/bb/58ab4dc0382c2386355cbcb7ffa490e542159de6012d500a602a6d0ed535/serpent-1.43.tar.gz", hash = "sha256:62dc242fd4ea2a50339f4f5aaaf6ecc55605ee74770d7eb2031e760d90a0d114", size = 91641, upload-time = "2026-05-30T16:30:13.881Z" }
wheels = [
    { url = "https://files.pythonhosted.org/packages/96/b0/75745c948bc814d145cc46cb6da219c7acf3875822d47f08d6323ccf0458/serpent-1.43-py3-none-any.whl", hash = "sha256:7907f40151da126d57bbd675364d23898efa6b6601d79379cbae800236586b54", size = 9787, upload-time = "2026-05-30T16:30:12.027Z" },
]

[[package]]
name = "server-client-basico"
version = "0.1.0"
source = { virtual = "server-client-basico" }

[[package]]
name = "sistemas-distribuidos"
version = "0.1.0"
source = { virtual = "." }
